{
    "name": "tensorflowjs-test",
    "lockfileVersion": 2,
    "requires": true,
    "packages": {
        "": {
            "dependencies": {
                "otsu": "^0.0.5"
            },
            "engines": {
                "node": ">=16.0.0",
                "npm": ">=7.0.0"
            }
        },
        "node_modules/otsu": {
            "version": "0.0.5",
            "resolved": "https://registry.npmjs.org/otsu/-/otsu-0.0.5.tgz",
            "integrity": "sha512-ZmQ0Grj3Suaw0y2DniMP90GJ3zI4CXR/Rpev6C7gV1WBzD6TQnKC8ecrvoZruPorHvAvPGOY9ZmbRa8mBZHG/w=="
        }
    },
    "dependencies": {
        "otsu": {
            "version": "0.0.5",
            "resolved": "https://registry.npmjs.org/otsu/-/otsu-0.0.5.tgz",
            "integrity": "sha512-ZmQ0Grj3Suaw0y2DniMP90GJ3zI4CXR/Rpev6C7gV1WBzD6TQnKC8ecrvoZruPorHvAvPGOY9ZmbRa8mBZHG/w=="
        }
    }
}
